
Microsoft Visual Studio Solution File, Format Version 12.00
# Visual Studio Version 16
VisualStudioVersion = 16.0.31005.135
MinimumVisualStudioVersion = 10.0.40219.1
Project("{9A19103F-16F7-4668-BE54-9A1E7A4F7556}") = "MediaLibrary.DAL", "MediaLibrary.DAL\MediaLibrary.DAL.csproj", "{AF773EDF-4694-470C-926A-00122E531F6B}"
EndProject
Project("{9A19103F-16F7-4668-BE54-9A1E7A4F7556}") = "MediaLibrary.BLL", "MediaLibrary.BLL\MediaLibrary.BLL.csproj", "{0C6AEB83-1BE3-42AA-B5B6-DF82F2130530}"
EndProject
Project("{9A19103F-16F7-4668-BE54-9A1E7A4F7556}") = "MediaLibrary.WebUI", "MediaLibrary.WebUI\MediaLibrary.WebUI.csproj", "{DA9D5224-78E5-4FCF-BE62-C94114AF5AB0}"
EndProject
Project("{9A19103F-16F7-4668-BE54-9A1E7A4F7556}") = "MediaLibrary.Shared", "MediaLibrary.Shared\MediaLibrary.Shared.csproj", "{3D49FE51-60BA-4577-9CEF-C1D8CAA9F1D4}"
EndProject
Project("{9A19103F-16F7-4668-BE54-9A1E7A4F7556}") = "MediaLibrary.Console", "MediaLibrary.Console\MediaLibrary.Console.csproj", "{E40456E5-1A56-46F0-AFB9-778CFA878F4F}"
EndProject
Project("{00D1A9C2-B5F0-4AF3-8072-F6C62B433612}") = "MediaLibrary.DB", "MediaLibrary.DB\MediaLibrary.DB.sqlproj", "{60D923B3-75D7-4843-ACDD-C8CCE5B7A16D}"
EndProject
Global
	GlobalSection(SolutionConfigurationPlatforms) = preSolution
		Debug|Any CPU = Debug|Any CPU
		Release|Any CPU = Release|Any CPU
	EndGlobalSection
	GlobalSection(ProjectConfigurationPlatforms) = postSolution
		{AF773EDF-4694-470C-926A-00122E531F6B}.Debug|Any CPU.ActiveCfg = Debug|Any CPU
		{AF773EDF-4694-470C-926A-00122E531F6B}.Debug|Any CPU.Build.0 = Debug|Any CPU
		{AF773EDF-4694-470C-926A-00122E531F6B}.Release|Any CPU.ActiveCfg = Release|Any CPU
		{AF773EDF-4694-470C-926A-00122E531F6B}.Release|Any CPU.Build.0 = Release|Any CPU
		{0C6AEB83-1BE3-42AA-B5B6-DF82F2130530}.Debug|Any CPU.ActiveCfg = Debug|Any CPU
		{0C6AEB83-1BE3-42AA-B5B6-DF82F2130530}.Debug|Any CPU.Build.0 = Debug|Any CPU
		{0C6AEB83-1BE3-42AA-B5B6-DF82F2130530}.Release|Any CPU.ActiveCfg = Release|Any CPU
		{0C6AEB83-1BE3-42AA-B5B6-DF82F2130530}.Release|Any CPU.Build.0 = Release|Any CPU
		{DA9D5224-78E5-4FCF-BE62-C94114AF5AB0}.Debug|Any CPU.ActiveCfg = Debug|Any CPU
		{DA9D5224-78E5-4FCF-BE62-C94114AF5AB0}.Debug|Any CPU.Build.0 = Debug|Any CPU
		{DA9D5224-78E5-4FCF-BE62-C94114AF5AB0}.Release|Any CPU.ActiveCfg = Release|Any CPU
		{DA9D5224-78E5-4FCF-BE62-C94114AF5AB0}.Release|Any CPU.Build.0 = Release|Any CPU
		{3D49FE51-60BA-4577-9CEF-C1D8CAA9F1D4}.Debug|Any CPU.ActiveCfg = Debug|Any CPU
		{3D49FE51-60BA-4577-9CEF-C1D8CAA9F1D4}.Debug|Any CPU.Build.0 = Debug|Any CPU
		{3D49FE51-60BA-4577-9CEF-C1D8CAA9F1D4}.Release|Any CPU.ActiveCfg = Release|Any CPU
		{3D49FE51-60BA-4577-9CEF-C1D8CAA9F1D4}.Release|Any CPU.Build.0 = Release|Any CPU
		{E40456E5-1A56-46F0-AFB9-778CFA878F4F}.Debug|Any CPU.ActiveCfg = Debug|Any CPU
		{E40456E5-1A56-46F0-AFB9-778CFA878F4F}.Release|Any CPU.ActiveCfg = Release|Any CPU
		{60D923B3-75D7-4843-ACDD-C8CCE5B7A16D}.Debug|Any CPU.ActiveCfg = Debug|Any CPU
		{60D923B3-75D7-4843-ACDD-C8CCE5B7A16D}.Debug|Any CPU.Deploy.0 = Debug|Any CPU
		{60D923B3-75D7-4843-ACDD-C8CCE5B7A16D}.Release|Any CPU.ActiveCfg = Release|Any CPU
		{60D923B3-75D7-4843-ACDD-C8CCE5B7A16D}.Release|Any CPU.Deploy.0 = Release|Any CPU
	EndGlobalSection
	GlobalSection(SolutionProperties) = preSolution
		HideSolutionNode = FALSE
	EndGlobalSection
	GlobalSection(ExtensibilityGlobals) = postSolution
		SolutionGuid = {FF08ECE3-9CE3-4D4C-A4A4-F8E41817B44B}
	EndGlobalSection
EndGlobal
